
Microsoft Visual Studio Solution File, Format Version 12.00
# Visual Studio Version 17
VisualStudioVersion = 17.14.36414.22
MinimumVisualStudioVersion = 10.0.40219.1
Project("{FAE04EC0-301F-11D3-BF4B-00C04F79EFBC}") = "Loopar", "Loopar\Loopar.csproj", "{2BAAF3DD-AF47-4533-B8EF-08376637A452}"
EndProject
Project("{FAE04EC0-301F-11D3-BF4B-00C04F79EFBC}") = "Indexering", "Indexering\Indexering.csproj", "{FC0BB974-2DAE-4268-80CD-3DC34F2DC5FC}"
EndProject
Project("{FAE04EC0-301F-11D3-BF4B-00C04F79EFBC}") = "Variables", "Variabler\Variables.csproj", "{9070FB2C-CB95-820C-6726-B04A6575B38F}"
EndProject
Project("{FAE04EC0-301F-11D3-BF4B-00C04F79EFBC}") = "Funktioner", "Funktioner\Funktioner.csproj", "{06E8F12E-C9B0-4931-9EE2-0E2FD4D83576}"
EndProject
Project("{FAE04EC0-301F-11D3-BF4B-00C04F79EFBC}") = "Förberedelse_LAB1", "Förberedelse_LAB1\Förberedelse_LAB1.csproj", "{2C036CC5-D647-45BF-91CF-15E1E66879EC}"
EndProject
Global
	GlobalSection(SolutionConfigurationPlatforms) = preSolution
		Debug|Any CPU = Debug|Any CPU
		Release|Any CPU = Release|Any CPU
	EndGlobalSection
	GlobalSection(ProjectConfigurationPlatforms) = postSolution
		{2BAAF3DD-AF47-4533-B8EF-08376637A452}.Debug|Any CPU.ActiveCfg = Debug|Any CPU
		{2BAAF3DD-AF47-4533-B8EF-08376637A452}.Debug|Any CPU.Build.0 = Debug|Any CPU
		{2BAAF3DD-AF47-4533-B8EF-08376637A452}.Release|Any CPU.ActiveCfg = Release|Any CPU
		{2BAAF3DD-AF47-4533-B8EF-08376637A452}.Release|Any CPU.Build.0 = Release|Any CPU
		{FC0BB974-2DAE-4268-80CD-3DC34F2DC5FC}.Debug|Any CPU.ActiveCfg = Debug|Any CPU
		{FC0BB974-2DAE-4268-80CD-3DC34F2DC5FC}.Debug|Any CPU.Build.0 = Debug|Any CPU
		{FC0BB974-2DAE-4268-80CD-3DC34F2DC5FC}.Release|Any CPU.ActiveCfg = Release|Any CPU
		{FC0BB974-2DAE-4268-80CD-3DC34F2DC5FC}.Release|Any CPU.Build.0 = Release|Any CPU
		{9070FB2C-CB95-820C-6726-B04A6575B38F}.Debug|Any CPU.ActiveCfg = Debug|Any CPU
		{9070FB2C-CB95-820C-6726-B04A6575B38F}.Debug|Any CPU.Build.0 = Debug|Any CPU
		{9070FB2C-CB95-820C-6726-B04A6575B38F}.Release|Any CPU.ActiveCfg = Release|Any CPU
		{9070FB2C-CB95-820C-6726-B04A6575B38F}.Release|Any CPU.Build.0 = Release|Any CPU
		{06E8F12E-C9B0-4931-9EE2-0E2FD4D83576}.Debug|Any CPU.ActiveCfg = Debug|Any CPU
		{06E8F12E-C9B0-4931-9EE2-0E2FD4D83576}.Debug|Any CPU.Build.0 = Debug|Any CPU
		{06E8F12E-C9B0-4931-9EE2-0E2FD4D83576}.Release|Any CPU.ActiveCfg = Release|Any CPU
		{06E8F12E-C9B0-4931-9EE2-0E2FD4D83576}.Release|Any CPU.Build.0 = Release|Any CPU
		{2C036CC5-D647-45BF-91CF-15E1E66879EC}.Debug|Any CPU.ActiveCfg = Debug|Any CPU
		{2C036CC5-D647-45BF-91CF-15E1E66879EC}.Debug|Any CPU.Build.0 = Debug|Any CPU
		{2C036CC5-D647-45BF-91CF-15E1E66879EC}.Release|Any CPU.ActiveCfg = Release|Any CPU
		{2C036CC5-D647-45BF-91CF-15E1E66879EC}.Release|Any CPU.Build.0 = Release|Any CPU
	EndGlobalSection
	GlobalSection(SolutionProperties) = preSolution
		HideSolutionNode = FALSE
	EndGlobalSection
	GlobalSection(ExtensibilityGlobals) = postSolution
		SolutionGuid = {E7B56F18-C5D0-4831-BB0F-E9256E2F1ABB}
	EndGlobalSection
EndGlobal
